
Microsoft Visual Studio Solution File, Format Version 12.00
# Visual Studio Version 17
VisualStudioVersion = 17.3.32929.385
MinimumVisualStudioVersion = 10.0.40219.1
Project("{9A19103F-16F7-4668-BE54-9A1E7A4F7556}") = "String", "String\String.csproj", "{73426C33-25B5-4786-B8EB-71C7ABCD659D}"
EndProject
Project("{9A19103F-16F7-4668-BE54-9A1E7A4F7556}") = "Test", "Test\Test.csproj", "{842176A8-464F-4283-ABEE-408AB544A7DF}"
EndProject
Project("{FAE04EC0-301F-11D3-BF4B-00C04F79EFBC}") = "Forms", "FormMain\Forms.csproj", "{0E4C8AC4-A046-4A98-B9B8-A210B331DA56}"
EndProject
Global
	GlobalSection(SolutionConfigurationPlatforms) = preSolution
		Debug|Any CPU = Debug|Any CPU
		Release|Any CPU = Release|Any CPU
	EndGlobalSection
	GlobalSection(ProjectConfigurationPlatforms) = postSolution
		{73426C33-25B5-4786-B8EB-71C7ABCD659D}.Debug|Any CPU.ActiveCfg = Debug|Any CPU
		{73426C33-25B5-4786-B8EB-71C7ABCD659D}.Debug|Any CPU.Build.0 = Debug|Any CPU
		{73426C33-25B5-4786-B8EB-71C7ABCD659D}.Release|Any CPU.ActiveCfg = Release|Any CPU
		{73426C33-25B5-4786-B8EB-71C7ABCD659D}.Release|Any CPU.Build.0 = Release|Any CPU
		{842176A8-464F-4283-ABEE-408AB544A7DF}.Debug|Any CPU.ActiveCfg = Debug|Any CPU
		{842176A8-464F-4283-ABEE-408AB544A7DF}.Debug|Any CPU.Build.0 = Debug|Any CPU
		{842176A8-464F-4283-ABEE-408AB544A7DF}.Release|Any CPU.ActiveCfg = Release|Any CPU
		{842176A8-464F-4283-ABEE-408AB544A7DF}.Release|Any CPU.Build.0 = Release|Any CPU
		{0E4C8AC4-A046-4A98-B9B8-A210B331DA56}.Debug|Any CPU.ActiveCfg = Debug|Any CPU
		{0E4C8AC4-A046-4A98-B9B8-A210B331DA56}.Debug|Any CPU.Build.0 = Debug|Any CPU
		{0E4C8AC4-A046-4A98-B9B8-A210B331DA56}.Release|Any CPU.ActiveCfg = Release|Any CPU
		{0E4C8AC4-A046-4A98-B9B8-A210B331DA56}.Release|Any CPU.Build.0 = Release|Any CPU
	EndGlobalSection
	GlobalSection(SolutionProperties) = preSolution
		HideSolutionNode = FALSE
	EndGlobalSection
	GlobalSection(ExtensibilityGlobals) = postSolution
		SolutionGuid = {59883159-3A8C-4485-9343-8B575CF08A28}
	EndGlobalSection
EndGlobal
